
Microsoft Visual Studio Solution File, Format Version 12.00
# Visual Studio Version 17
VisualStudioVersion = 17.5.002.0
MinimumVisualStudioVersion = 10.0.40219.1
Project("{9A19103F-16F7-4668-BE54-9A1E7A4F7556}") = "07operadores_aritmeticos", "07operadores_aritmeticos.csproj", "{CFAE7271-E3A3-41D8-891D-56A3D3CACD4F}"
EndProject
Global
	GlobalSection(SolutionConfigurationPlatforms) = preSolution
		Debug|Any CPU = Debug|Any CPU
		Release|Any CPU = Release|Any CPU
	EndGlobalSection
	GlobalSection(ProjectConfigurationPlatforms) = postSolution
		{CFAE7271-E3A3-41D8-891D-56A3D3CACD4F}.Debug|Any CPU.ActiveCfg = Debug|Any CPU
		{CFAE7271-E3A3-41D8-891D-56A3D3CACD4F}.Debug|Any CPU.Build.0 = Debug|Any CPU
		{CFAE7271-E3A3-41D8-891D-56A3D3CACD4F}.Release|Any CPU.ActiveCfg = Release|Any CPU
		{CFAE7271-E3A3-41D8-891D-56A3D3CACD4F}.Release|Any CPU.Build.0 = Release|Any CPU
	EndGlobalSection
	GlobalSection(SolutionProperties) = preSolution
		HideSolutionNode = FALSE
	EndGlobalSection
	GlobalSection(ExtensibilityGlobals) = postSolution
		SolutionGuid = {35985199-5E0F-4A81-8A48-C551E3C67AFC}
	EndGlobalSection
EndGlobal
