
Microsoft Visual Studio Solution File, Format Version 12.00
# Visual Studio Version 17
VisualStudioVersion = 17.5.002.0
MinimumVisualStudioVersion = 10.0.40219.1
Project("{9A19103F-16F7-4668-BE54-9A1E7A4F7556}") = "16laco_faca_enquanto", "16laco_faca_enquanto.csproj", "{205B4FD4-62A8-4744-B7A8-E6DE19E4123D}"
EndProject
Global
	GlobalSection(SolutionConfigurationPlatforms) = preSolution
		Debug|Any CPU = Debug|Any CPU
		Release|Any CPU = Release|Any CPU
	EndGlobalSection
	GlobalSection(ProjectConfigurationPlatforms) = postSolution
		{205B4FD4-62A8-4744-B7A8-E6DE19E4123D}.Debug|Any CPU.ActiveCfg = Debug|Any CPU
		{205B4FD4-62A8-4744-B7A8-E6DE19E4123D}.Debug|Any CPU.Build.0 = Debug|Any CPU
		{205B4FD4-62A8-4744-B7A8-E6DE19E4123D}.Release|Any CPU.ActiveCfg = Release|Any CPU
		{205B4FD4-62A8-4744-B7A8-E6DE19E4123D}.Release|Any CPU.Build.0 = Release|Any CPU
	EndGlobalSection
	GlobalSection(SolutionProperties) = preSolution
		HideSolutionNode = FALSE
	EndGlobalSection
	GlobalSection(ExtensibilityGlobals) = postSolution
		SolutionGuid = {F172489D-0CDA-44F8-9B31-7821D454EA9D}
	EndGlobalSection
EndGlobal
