
Microsoft Visual Studio Solution File, Format Version 12.00
# Visual Studio Version 17
VisualStudioVersion = 17.5.002.0
MinimumVisualStudioVersion = 10.0.40219.1
Project("{9A19103F-16F7-4668-BE54-9A1E7A4F7556}") = "08operadores_relacionais", "08operadores_relacionais.csproj", "{17ECF69F-5174-43CD-81D8-07CDC2313F25}"
EndProject
Global
	GlobalSection(SolutionConfigurationPlatforms) = preSolution
		Debug|Any CPU = Debug|Any CPU
		Release|Any CPU = Release|Any CPU
	EndGlobalSection
	GlobalSection(ProjectConfigurationPlatforms) = postSolution
		{17ECF69F-5174-43CD-81D8-07CDC2313F25}.Debug|Any CPU.ActiveCfg = Debug|Any CPU
		{17ECF69F-5174-43CD-81D8-07CDC2313F25}.Debug|Any CPU.Build.0 = Debug|Any CPU
		{17ECF69F-5174-43CD-81D8-07CDC2313F25}.Release|Any CPU.ActiveCfg = Release|Any CPU
		{17ECF69F-5174-43CD-81D8-07CDC2313F25}.Release|Any CPU.Build.0 = Release|Any CPU
	EndGlobalSection
	GlobalSection(SolutionProperties) = preSolution
		HideSolutionNode = FALSE
	EndGlobalSection
	GlobalSection(ExtensibilityGlobals) = postSolution
		SolutionGuid = {B5AF6AC0-B1DA-46B6-9E8D-ED1FBFFCB851}
	EndGlobalSection
EndGlobal
