
Microsoft Visual Studio Solution File, Format Version 12.00
# Visual Studio Version 17
VisualStudioVersion = 17.5.002.0
MinimumVisualStudioVersion = 10.0.40219.1
Project("{9A19103F-16F7-4668-BE54-9A1E7A4F7556}") = "13operador_ternario", "13operador_ternario.csproj", "{A0690E7D-9001-4614-8B1A-D180280CB2CB}"
EndProject
Global
	GlobalSection(SolutionConfigurationPlatforms) = preSolution
		Debug|Any CPU = Debug|Any CPU
		Release|Any CPU = Release|Any CPU
	EndGlobalSection
	GlobalSection(ProjectConfigurationPlatforms) = postSolution
		{A0690E7D-9001-4614-8B1A-D180280CB2CB}.Debug|Any CPU.ActiveCfg = Debug|Any CPU
		{A0690E7D-9001-4614-8B1A-D180280CB2CB}.Debug|Any CPU.Build.0 = Debug|Any CPU
		{A0690E7D-9001-4614-8B1A-D180280CB2CB}.Release|Any CPU.ActiveCfg = Release|Any CPU
		{A0690E7D-9001-4614-8B1A-D180280CB2CB}.Release|Any CPU.Build.0 = Release|Any CPU
	EndGlobalSection
	GlobalSection(SolutionProperties) = preSolution
		HideSolutionNode = FALSE
	EndGlobalSection
	GlobalSection(ExtensibilityGlobals) = postSolution
		SolutionGuid = {002F3A61-03DA-43B7-BDDC-23E3BE36D8F1}
	EndGlobalSection
EndGlobal
