
Microsoft Visual Studio Solution File, Format Version 12.00
# Visual Studio Version 17
VisualStudioVersion = 17.5.002.0
MinimumVisualStudioVersion = 10.0.40219.1
Project("{9A19103F-16F7-4668-BE54-9A1E7A4F7556}") = "17laco_para", "17laco_para.csproj", "{BEF4721B-DEF0-4579-9D2A-85C156C71B94}"
EndProject
Global
	GlobalSection(SolutionConfigurationPlatforms) = preSolution
		Debug|Any CPU = Debug|Any CPU
		Release|Any CPU = Release|Any CPU
	EndGlobalSection
	GlobalSection(ProjectConfigurationPlatforms) = postSolution
		{BEF4721B-DEF0-4579-9D2A-85C156C71B94}.Debug|Any CPU.ActiveCfg = Debug|Any CPU
		{BEF4721B-DEF0-4579-9D2A-85C156C71B94}.Debug|Any CPU.Build.0 = Debug|Any CPU
		{BEF4721B-DEF0-4579-9D2A-85C156C71B94}.Release|Any CPU.ActiveCfg = Release|Any CPU
		{BEF4721B-DEF0-4579-9D2A-85C156C71B94}.Release|Any CPU.Build.0 = Release|Any CPU
	EndGlobalSection
	GlobalSection(SolutionProperties) = preSolution
		HideSolutionNode = FALSE
	EndGlobalSection
	GlobalSection(ExtensibilityGlobals) = postSolution
		SolutionGuid = {A583256B-F627-46C1-A436-98F68D11E038}
	EndGlobalSection
EndGlobal
